# This file is automatically @generated by Cargo.
# It is not intended for manual editing.
version = 4

[[package]]
name = "a2ui-core"
version = "0.1.0"
dependencies = [
 "ogar-a2ui-frame",
]

[[package]]
name = "ogar-a2ui-frame"
version = "0.1.0"
source = "git+https://github.com/AdaWorldAPI/OGAR?branch=main#cc701ea61710b0baa7a78af70ce72a0875547335"
