# This file is automatically @generated by Cargo.
# It is not intended for manual editing.
version = 4

[[package]]
name = "a2ui-core"
version = "0.1.0"
dependencies = [
 "ogar-a2ui-frame",
]

[[package]]
name = "ogar-a2ui-frame"
version = "0.1.0"
source = "git+https://github.com/AdaWorldAPI/OGAR?branch=claude%2Fogar-a2ui-frame-w1#88c9cb99d4adff315b46a7ad1ea14d839d665e78"
